
Microsoft Visual Studio Solution File, Format Version 12.00
# Visual Studio Version 17
VisualStudioVersion = 17.11.35208.52
MinimumVisualStudioVersion = 10.0.40219.1
Project("{FAE04EC0-301F-11D3-BF4B-00C04F79EFBC}") = "Section21", "Section21\Section21.csproj", "{AB0B1121-1ECF-4522-BF50-711DEE138AF5}"
EndProject
Global
	GlobalSection(SolutionConfigurationPlatforms) = preSolution
		Debug|Any CPU = Debug|Any CPU
		Release|Any CPU = Release|Any CPU
	EndGlobalSection
	GlobalSection(ProjectConfigurationPlatforms) = postSolution
		{AB0B1121-1ECF-4522-BF50-711DEE138AF5}.Debug|Any CPU.ActiveCfg = Debug|Any CPU
		{AB0B1121-1ECF-4522-BF50-711DEE138AF5}.Debug|Any CPU.Build.0 = Debug|Any CPU
		{AB0B1121-1ECF-4522-BF50-711DEE138AF5}.Release|Any CPU.ActiveCfg = Release|Any CPU
		{AB0B1121-1ECF-4522-BF50-711DEE138AF5}.Release|Any CPU.Build.0 = Release|Any CPU
	EndGlobalSection
	GlobalSection(SolutionProperties) = preSolution
		HideSolutionNode = FALSE
	EndGlobalSection
	GlobalSection(ExtensibilityGlobals) = postSolution
		SolutionGuid = {FA69565E-D89A-4DA2-92B4-07B03FA55679}
	EndGlobalSection
EndGlobal
